// !$*UTF8*$!
{
	archiveVersion = 1;
	classes = {
	};
	objectVersion = 50;
	objects = {

/* Begin PBXBuildFile section */
		AB1F2C312673928000D4DAD1 /* main.cpp in Sources */ = {isa = PBXBuildFile; fileRef = AB1F2C302673928000D4DAD1 /* main.cpp */; };
		AB1F2C392673939E00D4DAD1 /* libvulkan.1.2.176.dylib in Frameworks */ = {isa = PBXBuildFile; fileRef = AB1F2C382673939E00D4DAD1 /* libvulkan.1.2.176.dylib */; };
		AB1F2C3F267434C100D4DAD1 /* libvulkan.1.dylib in Frameworks */ = {isa = PBXBuildFile; fileRef = AB1F2C3E267434C100D4DAD1 /* libvulkan.1.dylib */; };
		AB1F2C41267434C500D4DAD1 /* libvulkan.dylib in Frameworks */ = {isa = PBXBuildFile; fileRef = AB1F2C40267434C500D4DAD1 /* libvulkan.dylib */; };
		AB1F2C45267434D700D4DAD1 /* libvulkan.dylib in Copy Files */ = {isa = PBXBuildFile; fileRef = AB1F2C44267434D700D4DAD1 /* libvulkan.dylib */; };
		AB1F2C47267434E300D4DAD1 /* libvulkan.1.2.176.dylib in Copy Files */ = {isa = PBXBuildFile; fileRef = AB1F2C46267434E300D4DAD1 /* libvulkan.1.2.176.dylib */; };
		AB1F2C4926743CD200D4DAD1 /* Cocoa.framework in Frameworks */ = {isa = PBXBuildFile; fileRef = AB1F2C4826743CD200D4DAD1 /* Cocoa.framework */; };
		AB1F2C4B26743D8C00D4DAD1 /* IOKit.framework in Frameworks */ = {isa = PBXBuildFile; fileRef = AB1F2C4A26743D8C00D4DAD1 /* IOKit.framework */; };
		AB1F2C4D26743EE800D4DAD1 /* libvulkan.1.dylib in Copy Files */ = {isa = PBXBuildFile; fileRef = AB1F2C4C26743EE800D4DAD1 /* libvulkan.1.dylib */; };
		AB1F2C51267451B100D4DAD1 /* Rovski.cpp in Sources */ = {isa = PBXBuildFile; fileRef = AB1F2C4F267451B100D4DAD1 /* Rovski.cpp */; };
		AB4977CB2680855B00309097 /* libglfw.dylib in Frameworks */ = {isa = PBXBuildFile; fileRef = AB4977CA2680855B00309097 /* libglfw.dylib */; };
		AB4977CC2680856E00309097 /* libglfw.dylib in Copy Files */ = {isa = PBXBuildFile; fileRef = AB4977CA2680855B00309097 /* libglfw.dylib */; };
/* End PBXBuildFile section */

/* Begin PBXCopyFilesBuildPhase section */
		AB1F2C2B2673928000D4DAD1 /* Copy Files */ = {
			isa = PBXCopyFilesBuildPhase;
			buildActionMask = 2147483647;
			dstPath = /usr/share/man/man1;
			dstSubfolderSpec = 0;
			files = (
				AB4977CC2680856E00309097 /* libglfw.dylib in Copy Files */,
				AB1F2C47267434E300D4DAD1 /* libvulkan.1.2.176.dylib in Copy Files */,
				AB1F2C4D26743EE800D4DAD1 /* libvulkan.1.dylib in Copy Files */,
				AB1F2C45267434D700D4DAD1 /* libvulkan.dylib in Copy Files */,
			);
			name = "Copy Files";
			runOnlyForDeploymentPostprocessing = 1;
		};
/* End PBXCopyFilesBuildPhase section */

/* Begin PBXFileReference section */
		AB0781C6267EB20800F56540 /* Shader.vert */ = {isa = PBXFileReference; lastKnownFileType = sourcecode.glsl; path = Shader.vert; sourceTree = "<group>"; };
		AB0781C7267EB22100F56540 /* Shader.frag */ = {isa = PBXFileReference; lastKnownFileType = sourcecode.glsl; path = Shader.frag; sourceTree = "<group>"; };
		AB0781C8267EB7C700F56540 /* compile.sh */ = {isa = PBXFileReference; lastKnownFileType = text.script.sh; path = compile.sh; sourceTree = "<group>"; };
		AB1F2C2D2673928000D4DAD1 /* Rovski */ = {isa = PBXFileReference; explicitFileType = "compiled.mach-o.executable"; includeInIndex = 0; path = Rovski; sourceTree = BUILT_PRODUCTS_DIR; };
		AB1F2C302673928000D4DAD1 /* main.cpp */ = {isa = PBXFileReference; lastKnownFileType = sourcecode.cpp.cpp; path = main.cpp; sourceTree = "<group>"; };
		AB1F2C382673939E00D4DAD1 /* libvulkan.1.2.176.dylib */ = {isa = PBXFileReference; lastKnownFileType = "compiled.mach-o.dylib"; name = libvulkan.1.2.176.dylib; path = ../../../usr/local/lib/libvulkan.1.2.176.dylib; sourceTree = "<group>"; };
		AB1F2C3A267393B700D4DAD1 /* libglfw3.a */ = {isa = PBXFileReference; lastKnownFileType = archive.ar; name = libglfw3.a; path = ../../../usr/local/lib/libglfw3.a; sourceTree = "<group>"; };
		AB1F2C3C267393F000D4DAD1 /* libvulkan.1.2.176.dylib */ = {isa = PBXFileReference; lastKnownFileType = "compiled.mach-o.dylib"; name = libvulkan.1.2.176.dylib; path = ../../../usr/local/lib/libvulkan.1.2.176.dylib; sourceTree = "<group>"; };
		AB1F2C3E267434C100D4DAD1 /* libvulkan.1.dylib */ = {isa = PBXFileReference; lastKnownFileType = "compiled.mach-o.dylib"; name = libvulkan.1.dylib; path = ../../../usr/local/lib/libvulkan.1.dylib; sourceTree = "<group>"; };
		AB1F2C40267434C500D4DAD1 /* libvulkan.dylib */ = {isa = PBXFileReference; lastKnownFileType = "compiled.mach-o.dylib"; name = libvulkan.dylib; path = ../../../usr/local/lib/libvulkan.dylib; sourceTree = "<group>"; };
		AB1F2C42267434CE00D4DAD1 /* libvulkan.1.dylib */ = {isa = PBXFileReference; lastKnownFileType = "compiled.mach-o.dylib"; name = libvulkan.1.dylib; path = ../../../usr/local/lib/libvulkan.1.dylib; sourceTree = "<group>"; };
		AB1F2C44267434D700D4DAD1 /* libvulkan.dylib */ = {isa = PBXFileReference; lastKnownFileType = "compiled.mach-o.dylib"; name = libvulkan.dylib; path = ../../../usr/local/lib/libvulkan.dylib; sourceTree = "<group>"; };
		AB1F2C46267434E300D4DAD1 /* libvulkan.1.2.176.dylib */ = {isa = PBXFileReference; lastKnownFileType = "compiled.mach-o.dylib"; name = libvulkan.1.2.176.dylib; path = ../../../usr/local/lib/libvulkan.1.2.176.dylib; sourceTree = "<group>"; };
		AB1F2C4826743CD200D4DAD1 /* Cocoa.framework */ = {isa = PBXFileReference; lastKnownFileType = wrapper.framework; name = Cocoa.framework; path = System/Library/Frameworks/Cocoa.framework; sourceTree = SDKROOT; };
		AB1F2C4A26743D8C00D4DAD1 /* IOKit.framework */ = {isa = PBXFileReference; lastKnownFileType = wrapper.framework; name = IOKit.framework; path = System/Library/Frameworks/IOKit.framework; sourceTree = SDKROOT; };
		AB1F2C4C26743EE800D4DAD1 /* libvulkan.1.dylib */ = {isa = PBXFileReference; lastKnownFileType = "compiled.mach-o.dylib"; name = libvulkan.1.dylib; path = ../../../usr/local/lib/libvulkan.1.dylib; sourceTree = "<group>"; };
		AB1F2C4E2674403000D4DAD1 /* Rovski.entitlements */ = {isa = PBXFileReference; lastKnownFileType = text.plist.entitlements; path = Rovski.entitlements; sourceTree = "<group>"; };
		AB1F2C4F267451B100D4DAD1 /* Rovski.cpp */ = {isa = PBXFileReference; lastKnownFileType = sourcecode.cpp.cpp; path = Rovski.cpp; sourceTree = "<group>"; };
		AB1F2C50267451B100D4DAD1 /* Rovski.hpp */ = {isa = PBXFileReference; lastKnownFileType = sourcecode.cpp.h; path = Rovski.hpp; sourceTree = "<group>"; };
		AB4977CA2680855B00309097 /* libglfw.dylib */ = {isa = PBXFileReference; lastKnownFileType = "compiled.mach-o.dylib"; name = libglfw.dylib; path = ../../../usr/local/lib/libglfw.dylib; sourceTree = "<group>"; };
/* End PBXFileReference section */

/* Begin PBXFrameworksBuildPhase section */
		AB1F2C2A2673928000D4DAD1 /* Frameworks */ = {
			isa = PBXFrameworksBuildPhase;
			buildActionMask = 2147483647;
			files = (
				AB4977CB2680855B00309097 /* libglfw.dylib in Frameworks */,
				AB1F2C4926743CD200D4DAD1 /* Cocoa.framework in Frameworks */,
				AB1F2C3F267434C100D4DAD1 /* libvulkan.1.dylib in Frameworks */,
				AB1F2C41267434C500D4DAD1 /* libvulkan.dylib in Frameworks */,
				AB1F2C392673939E00D4DAD1 /* libvulkan.1.2.176.dylib in Frameworks */,
				AB1F2C4B26743D8C00D4DAD1 /* IOKit.framework in Frameworks */,
			);
			runOnlyForDeploymentPostprocessing = 0;
		};
/* End PBXFrameworksBuildPhase section */

/* Begin PBXGroup section */
		AB0781C5267EB1C000F56540 /* Shader */ = {
			isa = PBXGroup;
			children = (
				AB0781C6267EB20800F56540 /* Shader.vert */,
				AB0781C7267EB22100F56540 /* Shader.frag */,
				AB0781C8267EB7C700F56540 /* compile.sh */,
			);
			path = Shader;
			sourceTree = "<group>";
		};
		AB1F2C242673928000D4DAD1 = {
			isa = PBXGroup;
			children = (
				AB1F2C4C26743EE800D4DAD1 /* libvulkan.1.dylib */,
				AB1F2C46267434E300D4DAD1 /* libvulkan.1.2.176.dylib */,
				AB1F2C44267434D700D4DAD1 /* libvulkan.dylib */,
				AB1F2C42267434CE00D4DAD1 /* libvulkan.1.dylib */,
				AB1F2C3C267393F000D4DAD1 /* libvulkan.1.2.176.dylib */,
				AB1F2C2F2673928000D4DAD1 /* Rovski */,
				AB1F2C2E2673928000D4DAD1 /* Products */,
				AB1F2C372673939E00D4DAD1 /* Frameworks */,
			);
			sourceTree = "<group>";
		};
		AB1F2C2E2673928000D4DAD1 /* Products */ = {
			isa = PBXGroup;
			children = (
				AB1F2C2D2673928000D4DAD1 /* Rovski */,
			);
			name = Products;
			sourceTree = "<group>";
		};
		AB1F2C2F2673928000D4DAD1 /* Rovski */ = {
			isa = PBXGroup;
			children = (
				AB0781C5267EB1C000F56540 /* Shader */,
				AB1F2C4E2674403000D4DAD1 /* Rovski.entitlements */,
				AB1F2C302673928000D4DAD1 /* main.cpp */,
				AB1F2C4F267451B100D4DAD1 /* Rovski.cpp */,
				AB1F2C50267451B100D4DAD1 /* Rovski.hpp */,
			);
			path = Rovski;
			sourceTree = "<group>";
		};
		AB1F2C372673939E00D4DAD1 /* Frameworks */ = {
			isa = PBXGroup;
			children = (
				AB4977CA2680855B00309097 /* libglfw.dylib */,
				AB1F2C4A26743D8C00D4DAD1 /* IOKit.framework */,
				AB1F2C4826743CD200D4DAD1 /* Cocoa.framework */,
				AB1F2C40267434C500D4DAD1 /* libvulkan.dylib */,
				AB1F2C3E267434C100D4DAD1 /* libvulkan.1.dylib */,
				AB1F2C3A267393B700D4DAD1 /* libglfw3.a */,
				AB1F2C382673939E00D4DAD1 /* libvulkan.1.2.176.dylib */,
			);
			name = Frameworks;
			sourceTree = "<group>";
		};
/* End PBXGroup section */

/* Begin PBXNativeTarget section */
		AB1F2C2C2673928000D4DAD1 /* Rovski */ = {
			isa = PBXNativeTarget;
			buildConfigurationList = AB1F2C342673928000D4DAD1 /* Build configuration list for PBXNativeTarget "Rovski" */;
			buildPhases = (
				AB1F2C292673928000D4DAD1 /* Sources */,
				AB1F2C2A2673928000D4DAD1 /* Frameworks */,
				AB1F2C2B2673928000D4DAD1 /* Copy Files */,
			);
			buildRules = (
			);
			dependencies = (
			);
			name = Rovski;
			productName = Rovski;
			productReference = AB1F2C2D2673928000D4DAD1 /* Rovski */;
			productType = "com.apple.product-type.tool";
		};
/* End PBXNativeTarget section */

/* Begin PBXProject section */
		AB1F2C252673928000D4DAD1 /* Project object */ = {
			isa = PBXProject;
			attributes = {
				LastUpgradeCheck = 1250;
				TargetAttributes = {
					AB1F2C2C2673928000D4DAD1 = {
						CreatedOnToolsVersion = 12.5;
					};
				};
			};
			buildConfigurationList = AB1F2C282673928000D4DAD1 /* Build configuration list for PBXProject "Rovski" */;
			compatibilityVersion = "Xcode 9.3";
			developmentRegion = en;
			hasScannedForEncodings = 0;
			knownRegions = (
				en,
				Base,
			);
			mainGroup = AB1F2C242673928000D4DAD1;
			productRefGroup = AB1F2C2E2673928000D4DAD1 /* Products */;
			projectDirPath = "";
			projectRoot = "";
			targets = (
				AB1F2C2C2673928000D4DAD1 /* Rovski */,
			);
		};
/* End PBXProject section */

/* Begin PBXSourcesBuildPhase section */
		AB1F2C292673928000D4DAD1 /* Sources */ = {
			isa = PBXSourcesBuildPhase;
			buildActionMask = 2147483647;
			files = (
				AB1F2C312673928000D4DAD1 /* main.cpp in Sources */,
				AB1F2C51267451B100D4DAD1 /* Rovski.cpp in Sources */,
			);
			runOnlyForDeploymentPostprocessing = 0;
		};
/* End PBXSourcesBuildPhase section */

/* Begin XCBuildConfiguration section */
		AB1F2C322673928000D4DAD1 /* Debug */ = {
			isa = XCBuildConfiguration;
			buildSettings = {
				ALWAYS_SEARCH_USER_PATHS = NO;
				CLANG_ANALYZER_NONNULL = YES;
				CLANG_ANALYZER_NUMBER_OBJECT_CONVERSION = YES_AGGRESSIVE;
				CLANG_CXX_LANGUAGE_STANDARD = "c++17";
				CLANG_CXX_LIBRARY = "libc++";
				CLANG_ENABLE_MODULES = YES;
				CLANG_ENABLE_OBJC_ARC = YES;
				CLANG_ENABLE_OBJC_WEAK = YES;
				CLANG_WARN_BLOCK_CAPTURE_AUTORELEASING = YES;
				CLANG_WARN_BOOL_CONVERSION = YES;
				CLANG_WARN_COMMA = YES;
				CLANG_WARN_CONSTANT_CONVERSION = YES;
				CLANG_WARN_DEPRECATED_OBJC_IMPLEMENTATIONS = YES;
				CLANG_WARN_DIRECT_OBJC_ISA_USAGE = YES_ERROR;
				CLANG_WARN_DOCUMENTATION_COMMENTS = YES;
				CLANG_WARN_EMPTY_BODY = YES;
				CLANG_WARN_ENUM_CONVERSION = YES;
				CLANG_WARN_INFINITE_RECURSION = YES;
				CLANG_WARN_INT_CONVERSION = YES;
				CLANG_WARN_NON_LITERAL_NULL_CONVERSION = YES;
				CLANG_WARN_OBJC_IMPLICIT_RETAIN_SELF = YES;
				CLANG_WARN_OBJC_LITERAL_CONVERSION = YES;
				CLANG_WARN_OBJC_ROOT_CLASS = YES_ERROR;
				CLANG_WARN_QUOTED_INCLUDE_IN_FRAMEWORK_HEADER = YES;
				CLANG_WARN_RANGE_LOOP_ANALYSIS = YES;
				CLANG_WARN_STRICT_PROTOTYPES = YES;
				CLANG_WARN_SUSPICIOUS_MOVE = YES;
				CLANG_WARN_UNGUARDED_AVAILABILITY = YES_AGGRESSIVE;
				CLANG_WARN_UNREACHABLE_CODE = YES;
				CLANG_WARN__DUPLICATE_METHOD_MATCH = YES;
				COPY_PHASE_STRIP = NO;
				DEBUG_INFORMATION_FORMAT = dwarf;
				ENABLE_STRICT_OBJC_MSGSEND = YES;
				ENABLE_TESTABILITY = YES;
				GCC_C_LANGUAGE_STANDARD = gnu11;
				GCC_DYNAMIC_NO_PIC = NO;
				GCC_NO_COMMON_BLOCKS = YES;
				GCC_OPTIMIZATION_LEVEL = 0;
				GCC_PREPROCESSOR_DEFINITIONS = (
					"DEBUG=1",
					"$(inherited)",
				);
				GCC_WARN_64_TO_32_BIT_CONVERSION = YES;
				GCC_WARN_ABOUT_RETURN_TYPE = YES_ERROR;
				GCC_WARN_UNDECLARED_SELECTOR = YES;
				GCC_WARN_UNINITIALIZED_AUTOS = YES_AGGRESSIVE;
				GCC_WARN_UNUSED_FUNCTION = YES;
				GCC_WARN_UNUSED_VARIABLE = YES;
				MACOSX_DEPLOYMENT_TARGET = 11.2;
				MTL_ENABLE_DEBUG_INFO = INCLUDE_SOURCE;
				MTL_FAST_MATH = YES;
				ONLY_ACTIVE_ARCH = YES;
				SDKROOT = macosx;
			};
			name = Debug;
		};
		AB1F2C332673928000D4DAD1 /* Release */ = {
			isa = XCBuildConfiguration;
			buildSettings = {
				ALWAYS_SEARCH_USER_PATHS = NO;
				CLANG_ANALYZER_NONNULL = YES;
				CLANG_ANALYZER_NUMBER_OBJECT_CONVERSION = YES_AGGRESSIVE;
				CLANG_CXX_LANGUAGE_STANDARD = "c++17";
				CLANG_CXX_LIBRARY = "libc++";
				CLANG_ENABLE_MODULES = YES;
				CLANG_ENABLE_OBJC_ARC = YES;
				CLANG_ENABLE_OBJC_WEAK = YES;
				CLANG_WARN_BLOCK_CAPTURE_AUTORELEASING = YES;
				CLANG_WARN_BOOL_CONVERSION = YES;
				CLANG_WARN_COMMA = YES;
				CLANG_WARN_CONSTANT_CONVERSION = YES;
				CLANG_WARN_DEPRECATED_OBJC_IMPLEMENTATIONS = YES;
				CLANG_WARN_DIRECT_OBJC_ISA_USAGE = YES_ERROR;
				CLANG_WARN_DOCUMENTATION_COMMENTS = YES;
				CLANG_WARN_EMPTY_BODY = YES;
				CLANG_WARN_ENUM_CONVERSION = YES;
				CLANG_WARN_INFINITE_RECURSION = YES;
				CLANG_WARN_INT_CONVERSION = YES;
				CLANG_WARN_NON_LITERAL_NULL_CONVERSION = YES;
				CLANG_WARN_OBJC_IMPLICIT_RETAIN_SELF = YES;
				CLANG_WARN_OBJC_LITERAL_CONVERSION = YES;
				CLANG_WARN_OBJC_ROOT_CLASS = YES_ERROR;
				CLANG_WARN_QUOTED_INCLUDE_IN_FRAMEWORK_HEADER = YES;
				CLANG_WARN_RANGE_LOOP_ANALYSIS = YES;
				CLANG_WARN_STRICT_PROTOTYPES = YES;
				CLANG_WARN_SUSPICIOUS_MOVE = YES;
				CLANG_WARN_UNGUARDED_AVAILABILITY = YES_AGGRESSIVE;
				CLANG_WARN_UNREACHABLE_CODE = YES;
				CLANG_WARN__DUPLICATE_METHOD_MATCH = YES;
				COPY_PHASE_STRIP = NO;
				DEBUG_INFORMATION_FORMAT = "dwarf-with-dsym";
				ENABLE_NS_ASSERTIONS = NO;
				ENABLE_STRICT_OBJC_MSGSEND = YES;
				GCC_C_LANGUAGE_STANDARD = gnu11;
				GCC_NO_COMMON_BLOCKS = YES;
				GCC_WARN_64_TO_32_BIT_CONVERSION = YES;
				GCC_WARN_ABOUT_RETURN_TYPE = YES_ERROR;
				GCC_WARN_UNDECLARED_SELECTOR = YES;
				GCC_WARN_UNINITIALIZED_AUTOS = YES_AGGRESSIVE;
				GCC_WARN_UNUSED_FUNCTION = YES;
				GCC_WARN_UNUSED_VARIABLE = YES;
				MACOSX_DEPLOYMENT_TARGET = 11.2;
				MTL_ENABLE_DEBUG_INFO = NO;
				MTL_FAST_MATH = YES;
				SDKROOT = macosx;
			};
			name = Release;
		};
		AB1F2C352673928000D4DAD1 /* Debug */ = {
			isa = XCBuildConfiguration;
			buildSettings = {
				CODE_SIGN_ENTITLEMENTS = Rovski/Rovski.entitlements;
				CODE_SIGN_STYLE = Manual;
				DEVELOPMENT_TEAM = "";
				ENABLE_HARDENED_RUNTIME = YES;
				HEADER_SEARCH_PATHS = /usr/local/include;
				LIBRARY_SEARCH_PATHS = "/usr/local/lib/**";
				PRODUCT_NAME = "$(TARGET_NAME)";
				PROVISIONING_PROFILE_SPECIFIER = "";
			};
			name = Debug;
		};
		AB1F2C362673928000D4DAD1 /* Release */ = {
			isa = XCBuildConfiguration;
			buildSettings = {
				CODE_SIGN_ENTITLEMENTS = Rovski/Rovski.entitlements;
				CODE_SIGN_STYLE = Manual;
				DEVELOPMENT_TEAM = "";
				ENABLE_HARDENED_RUNTIME = YES;
				HEADER_SEARCH_PATHS = /usr/local/include;
				LIBRARY_SEARCH_PATHS = "/usr/local/lib/**";
				PRODUCT_NAME = "$(TARGET_NAME)";
				PROVISIONING_PROFILE_SPECIFIER = "";
			};
			name = Release;
		};
/* End XCBuildConfiguration section */

/* Begin XCConfigurationList section */
		AB1F2C282673928000D4DAD1 /* Build configuration list for PBXProject "Rovski" */ = {
			isa = XCConfigurationList;
			buildConfigurations = (
				AB1F2C322673928000D4DAD1 /* Debug */,
				AB1F2C332673928000D4DAD1 /* Release */,
			);
			defaultConfigurationIsVisible = 0;
			defaultConfigurationName = Release;
		};
		AB1F2C342673928000D4DAD1 /* Build configuration list for PBXNativeTarget "Rovski" */ = {
			isa = XCConfigurationList;
			buildConfigurations = (
				AB1F2C352673928000D4DAD1 /* Debug */,
				AB1F2C362673928000D4DAD1 /* Release */,
			);
			defaultConfigurationIsVisible = 0;
			defaultConfigurationName = Release;
		};
/* End XCConfigurationList section */
	};
	rootObject = AB1F2C252673928000D4DAD1 /* Project object */;
}
